
Microsoft Visual Studio Solution File, Format Version 12.00
# Visual Studio Version 16
VisualStudioVersion = 16.0.34114.132
MinimumVisualStudioVersion = 10.0.40219.1
Project("{FAE04EC0-301F-11D3-BF4B-00C04F79EFBC}") = "WebApplication3", "WebApplication3\WebApplication3.csproj", "{AECA91D4-B6F1-4E74-8D2C-B269BEAA6CD6}"
EndProject
Global
	GlobalSection(SolutionConfigurationPlatforms) = preSolution
		Debug|Any CPU = Debug|Any CPU
		Release|Any CPU = Release|Any CPU
	EndGlobalSection
	GlobalSection(ProjectConfigurationPlatforms) = postSolution
		{AECA91D4-B6F1-4E74-8D2C-B269BEAA6CD6}.Debug|Any CPU.ActiveCfg = Debug|Any CPU
		{AECA91D4-B6F1-4E74-8D2C-B269BEAA6CD6}.Debug|Any CPU.Build.0 = Debug|Any CPU
		{AECA91D4-B6F1-4E74-8D2C-B269BEAA6CD6}.Release|Any CPU.ActiveCfg = Release|Any CPU
		{AECA91D4-B6F1-4E74-8D2C-B269BEAA6CD6}.Release|Any CPU.Build.0 = Release|Any CPU
	EndGlobalSection
	GlobalSection(SolutionProperties) = preSolution
		HideSolutionNode = FALSE
	EndGlobalSection
	GlobalSection(ExtensibilityGlobals) = postSolution
		SolutionGuid = {C6376022-517A-4B57-AA77-F32814341C42}
	EndGlobalSection
EndGlobal
